{
  "nodes": {
    "awww-bing": {
      "inputs": {
        "fenix": [
          "fenix"
        ],
        "flake-compat": [],
        "flake-parts": [
          "flake-parts"
        ],
        "git-hooks": [],
        "nixpkgs": [
          "nixpkgs"
        ],
        "systems": "systems",
        "treefmt-nix": []
      },
      "locked": {
        "lastModified": 1780509564,
        "narHash": "sha256-UAh3G/cpxudd4dIFB/hc73cSgPBNYaInV+/Xk4W/wmM=",
        "owner": "ms0503",
        "repo": "awww-bing",
        "rev": "f51e843fd7cd38d02e85a04db6948057e4517ccd",
        "type": "github"
      },
      "original": {
        "owner": "ms0503",
        "repo": "awww-bing",
        "type": "github"
      }
    },
    "colortool": {
      "inputs": {
        "fenix": [
          "fenix"
        ],
        "flake-compat": [],
        "flake-parts": [
          "flake-parts"
        ],
        "git-hooks": [],
        "nixpkgs": [
          "nixpkgs"
        ],
        "systems": "systems_2",
        "treefmt-nix": []
      },
      "locked": {
        "lastModified": 1780509618,
        "narHash": "sha256-t7juPGPU32oARZV5AVXtULg13oJiOn9B+BaKJH4cIII=",
        "owner": "ms0503",
        "repo": "colortool",
        "rev": "97793e1ece5dae443675f54915b7d622a8ca76ba",
        "type": "github"
      },
      "original": {
        "owner": "ms0503",
        "repo": "colortool",
        "type": "github"
      }
    },
    "fenix": {
      "inputs": {
        "nixpkgs": [
          "nixpkgs"
        ],
        "rust-analyzer-src": "rust-analyzer-src"
      },
      "locked": {
        "lastModified": 1780485330,
        "narHash": "sha256-7JhNLs5O+FgXmU8FFP9DMug5xv3y4no+n4Kn94pkFGU=",
        "owner": "nix-community",
        "repo": "fenix",
        "rev": "26ddad7ab014ac49bf02fc52e76f801963d684ae",
        "type": "github"
      },
      "original": {
        "owner": "nix-community",
        "repo": "fenix",
        "type": "github"
      }
    },
    "flake-compat": {
      "flake": false,
      "locked": {
        "lastModified": 1767039857,
        "narHash": "sha256-vNpUSpF5Nuw8xvDLj2KCwwksIbjua2LZCqhV1LNRDns=",
        "owner": "NixOS",
        "repo": "flake-compat",
        "rev": "5edf11c44bc78a0d334f6334cdaf7d60d732daab",
        "type": "github"
      },
      "original": {
        "owner": "NixOS",
        "repo": "flake-compat",
        "type": "github"
      }
    },
    "flake-parts": {
      "inputs": {
        "nixpkgs-lib": [
          "nixpkgs"
        ]
      },
      "locked": {
        "lastModified": 1778716662,
        "narHash": "sha256-m1Yf0wZ8j1OHjTc2UwHwyQRSnNeSgLJOd7q5Y45hzi4=",
        "owner": "hercules-ci",
        "repo": "flake-parts",
        "rev": "f7c1a2d347e4c52d5fb8d10cb4d94b5884e546fb",
        "type": "github"
      },
      "original": {
        "owner": "hercules-ci",
        "repo": "flake-parts",
        "type": "github"
      }
    },
    "generatehex": {
      "inputs": {
        "fenix": [
          "fenix"
        ],
        "flake-compat": [],
        "flake-parts": [
          "flake-parts"
        ],
        "git-hooks": [],
        "nixpkgs": [
          "nixpkgs"
        ],
        "systems": "systems_3",
        "treefmt-nix": []
      },
      "locked": {
        "lastModified": 1780509677,
        "narHash": "sha256-w1gDZGRO5o+zujQFIe2SplIYVmU+C9Qsbc+5VPRrISM=",
        "owner": "ms0503",
        "repo": "generatehex",
        "rev": "711684d25aebf32d567ddddb1674217569af97fd",
        "type": "github"
      },
      "original": {
        "owner": "ms0503",
        "repo": "generatehex",
        "type": "github"
      }
    },
    "getcodepoint": {
      "inputs": {
        "fenix": [
          "fenix"
        ],
        "flake-compat": [],
        "flake-parts": [
          "flake-parts"
        ],
        "git-hooks": [],
        "nixpkgs": [
          "nixpkgs"
        ],
        "systems": "systems_4",
        "treefmt-nix": []
      },
      "locked": {
        "lastModified": 1780509725,
        "narHash": "sha256-s6Fq4U06Bg+oH/bBqaaLrQwcCI4vOQiW6d4lAhNOubY=",
        "owner": "ms0503",
        "repo": "getcodepoint",
        "rev": "76696a49fa62a044de776da5e32449ff7efefc3d",
        "type": "github"
      },
      "original": {
        "owner": "ms0503",
        "repo": "getcodepoint",
        "type": "github"
      }
    },
    "getemoji": {
      "inputs": {
        "fenix": [
          "fenix"
        ],
        "flake-compat": [],
        "flake-parts": [
          "flake-parts"
        ],
        "git-hooks": [],
        "nixpkgs": [
          "nixpkgs"
        ],
        "systems": "systems_5",
        "treefmt-nix": []
      },
      "locked": {
        "lastModified": 1780509774,
        "narHash": "sha256-ePOqmMbSV+/PGbszd9zMemN44pAXYZ9XC98ByaSSUSU=",
        "owner": "ms0503",
        "repo": "getemoji",
        "rev": "2957908d70673758137a184b8b375ce8876b3193",
        "type": "github"
      },
      "original": {
        "owner": "ms0503",
        "repo": "getemoji",
        "type": "github"
      }
    },
    "git-hooks": {
      "inputs": {
        "flake-compat": [],
        "gitignore": "gitignore",
        "nixpkgs": [
          "nixpkgs"
        ]
      },
      "locked": {
        "lastModified": 1778507602,
        "narHash": "sha256-kTwur1wV+01SdqskVMSo6JMEpg71ps3HpbFY2GsflKs=",
        "owner": "cachix",
        "repo": "git-hooks.nix",
        "rev": "61ab0e80d9c7ab14c256b5b453d8b3fb0189ba0a",
        "type": "github"
      },
      "original": {
        "owner": "cachix",
        "repo": "git-hooks.nix",
        "type": "github"
      }
    },
    "gitignore": {
      "inputs": {
        "nixpkgs": [
          "git-hooks",
          "nixpkgs"
        ]
      },
      "locked": {
        "lastModified": 1709087332,
        "narHash": "sha256-HG2cCnktfHsKV0s4XW83gU3F57gaTljL9KNSuG6bnQs=",
        "owner": "hercules-ci",
        "repo": "gitignore.nix",
        "rev": "637db329424fd7e46cf4185293b9cc8c88c95394",
        "type": "github"
      },
      "original": {
        "owner": "hercules-ci",
        "repo": "gitignore.nix",
        "type": "github"
      }
    },
    "mc-mod-downloader": {
      "inputs": {
        "fenix": [
          "fenix"
        ],
        "flake-compat": [],
        "flake-parts": [
          "flake-parts"
        ],
        "git-hooks": [],
        "nixpkgs": [
          "nixpkgs"
        ],
        "systems": "systems_6",
        "treefmt-nix": []
      },
      "locked": {
        "lastModified": 1780509837,
        "narHash": "sha256-G1VKDoOyOVYX51h6FIPaU4nZO4WzrK/ErktrYRHLDho=",
        "owner": "ms0503",
        "repo": "mc-mod-downloader",
        "rev": "48c852d66724f1bcd00c583ea23178d6f81f7a33",
        "type": "github"
      },
      "original": {
        "owner": "ms0503",
        "repo": "mc-mod-downloader",
        "type": "github"
      }
    },
    "nixpkgs": {
      "locked": {
        "lastModified": 1780243769,
        "narHash": "sha256-x5UQuRsH3MqI0U9afaXSNqzTPSeZlRLvFAav2Ux1pNw=",
        "owner": "NixOS",
        "repo": "nixpkgs",
        "rev": "331800de5053fcebacf6813adb5db9c9dca22a0c",
        "type": "github"
      },
      "original": {
        "owner": "NixOS",
        "ref": "nixos-unstable",
        "repo": "nixpkgs",
        "type": "github"
      }
    },
    "nixpkgs-blender3": {
      "locked": {
        "lastModified": 1767313136,
        "narHash": "sha256-16KkgfdYqjaeRGBaYsNrhPRRENs0qzkQVUooNHtoy2w=",
        "owner": "NixOS",
        "repo": "nixpkgs",
        "rev": "ac62194c3917d5f474c1a844b6fd6da2db95077d",
        "type": "github"
      },
      "original": {
        "owner": "NixOS",
        "ref": "nixos-25.05",
        "repo": "nixpkgs",
        "type": "github"
      }
    },
    "root": {
      "inputs": {
        "awww-bing": "awww-bing",
        "colortool": "colortool",
        "fenix": "fenix",
        "flake-compat": "flake-compat",
        "flake-parts": "flake-parts",
        "generatehex": "generatehex",
        "getcodepoint": "getcodepoint",
        "getemoji": "getemoji",
        "git-hooks": "git-hooks",
        "mc-mod-downloader": "mc-mod-downloader",
        "nixpkgs": "nixpkgs",
        "nixpkgs-blender3": "nixpkgs-blender3",
        "skel": "skel",
        "systems": "systems_8",
        "treefmt-nix": "treefmt-nix",
        "unicodeescape": "unicodeescape",
        "urlencode": "urlencode"
      }
    },
    "rust-analyzer-src": {
      "flake": false,
      "locked": {
        "lastModified": 1780337665,
        "narHash": "sha256-RS3F+/6dtBIwd5+47GVen3jAk62/KumFZ4q3RVYafDk=",
        "owner": "rust-lang",
        "repo": "rust-analyzer",
        "rev": "55af1774e9e840d3b28d12fcfaa72d2e2caa8ac9",
        "type": "github"
      },
      "original": {
        "owner": "rust-lang",
        "ref": "nightly",
        "repo": "rust-analyzer",
        "type": "github"
      }
    },
    "skel": {
      "inputs": {
        "fenix": [
          "fenix"
        ],
        "flake-compat": [],
        "flake-parts": [
          "flake-parts"
        ],
        "git-hooks": [],
        "nixpkgs": [
          "nixpkgs"
        ],
        "systems": "systems_7",
        "treefmt-nix": []
      },
      "locked": {
        "lastModified": 1780510545,
        "narHash": "sha256-ZcugOHWkCguHM/K2kXzSXlBrY/CnDzhTWqc85hSVqoo=",
        "owner": "ms0503",
        "repo": "skel",
        "rev": "f136fbb085d68cc4eb9f99fa8c468702f92a18de",
        "type": "github"
      },
      "original": {
        "owner": "ms0503",
        "repo": "skel",
        "type": "github"
      }
    },
    "systems": {
      "flake": false,
      "locked": {
        "lastModified": 1681028828,
        "narHash": "sha256-Vy1rq5AaRuLzOxct8nz4T6wlgyUR7zLU309k9mBC768=",
        "owner": "nix-systems",
        "repo": "default",
        "rev": "da67096a3b9bf56a91d16901293e51ba5b49a27e",
        "type": "github"
      },
      "original": {
        "owner": "nix-systems",
        "repo": "default",
        "type": "github"
      }
    },
    "systems_10": {
      "flake": false,
      "locked": {
        "lastModified": 1681028828,
        "narHash": "sha256-Vy1rq5AaRuLzOxct8nz4T6wlgyUR7zLU309k9mBC768=",
        "owner": "nix-systems",
        "repo": "default",
        "rev": "da67096a3b9bf56a91d16901293e51ba5b49a27e",
        "type": "github"
      },
      "original": {
        "owner": "nix-systems",
        "repo": "default",
        "type": "github"
      }
    },
    "systems_2": {
      "flake": false,
      "locked": {
        "lastModified": 1681028828,
        "narHash": "sha256-Vy1rq5AaRuLzOxct8nz4T6wlgyUR7zLU309k9mBC768=",
        "owner": "nix-systems",
        "repo": "default",
        "rev": "da67096a3b9bf56a91d16901293e51ba5b49a27e",
        "type": "github"
      },
      "original": {
        "owner": "nix-systems",
        "repo": "default",
        "type": "github"
      }
    },
    "systems_3": {
      "flake": false,
      "locked": {
        "lastModified": 1681028828,
        "narHash": "sha256-Vy1rq5AaRuLzOxct8nz4T6wlgyUR7zLU309k9mBC768=",
        "owner": "nix-systems",
        "repo": "default",
        "rev": "da67096a3b9bf56a91d16901293e51ba5b49a27e",
        "type": "github"
      },
      "original": {
        "owner": "nix-systems",
        "repo": "default",
        "type": "github"
      }
    },
    "systems_4": {
      "flake": false,
      "locked": {
        "lastModified": 1681028828,
        "narHash": "sha256-Vy1rq5AaRuLzOxct8nz4T6wlgyUR7zLU309k9mBC768=",
        "owner": "nix-systems",
        "repo": "default",
        "rev": "da67096a3b9bf56a91d16901293e51ba5b49a27e",
        "type": "github"
      },
      "original": {
        "owner": "nix-systems",
        "repo": "default",
        "type": "github"
      }
    },
    "systems_5": {
      "flake": false,
      "locked": {
        "lastModified": 1681028828,
        "narHash": "sha256-Vy1rq5AaRuLzOxct8nz4T6wlgyUR7zLU309k9mBC768=",
        "owner": "nix-systems",
        "repo": "default",
        "rev": "da67096a3b9bf56a91d16901293e51ba5b49a27e",
        "type": "github"
      },
      "original": {
        "owner": "nix-systems",
        "repo": "default",
        "type": "github"
      }
    },
    "systems_6": {
      "flake": false,
      "locked": {
        "lastModified": 1681028828,
        "narHash": "sha256-Vy1rq5AaRuLzOxct8nz4T6wlgyUR7zLU309k9mBC768=",
        "owner": "nix-systems",
        "repo": "default",
        "rev": "da67096a3b9bf56a91d16901293e51ba5b49a27e",
        "type": "github"
      },
      "original": {
        "owner": "nix-systems",
        "repo": "default",
        "type": "github"
      }
    },
    "systems_7": {
      "flake": false,
      "locked": {
        "lastModified": 1681028828,
        "narHash": "sha256-Vy1rq5AaRuLzOxct8nz4T6wlgyUR7zLU309k9mBC768=",
        "owner": "nix-systems",
        "repo": "default",
        "rev": "da67096a3b9bf56a91d16901293e51ba5b49a27e",
        "type": "github"
      },
      "original": {
        "owner": "nix-systems",
        "repo": "default",
        "type": "github"
      }
    },
    "systems_8": {
      "flake": false,
      "locked": {
        "lastModified": 1681028828,
        "narHash": "sha256-Vy1rq5AaRuLzOxct8nz4T6wlgyUR7zLU309k9mBC768=",
        "owner": "nix-systems",
        "repo": "default",
        "rev": "da67096a3b9bf56a91d16901293e51ba5b49a27e",
        "type": "github"
      },
      "original": {
        "owner": "nix-systems",
        "repo": "default",
        "type": "github"
      }
    },
    "systems_9": {
      "flake": false,
      "locked": {
        "lastModified": 1681028828,
        "narHash": "sha256-Vy1rq5AaRuLzOxct8nz4T6wlgyUR7zLU309k9mBC768=",
        "owner": "nix-systems",
        "repo": "default",
        "rev": "da67096a3b9bf56a91d16901293e51ba5b49a27e",
        "type": "github"
      },
      "original": {
        "owner": "nix-systems",
        "repo": "default",
        "type": "github"
      }
    },
    "treefmt-nix": {
      "inputs": {
        "nixpkgs": [
          "nixpkgs"
        ]
      },
      "locked": {
        "lastModified": 1780220602,
        "narHash": "sha256-eynAfOmbmxJnkp7YewvCEbShNnnYJ9gLLqkzsYtBPeM=",
        "owner": "numtide",
        "repo": "treefmt-nix",
        "rev": "db947814a175b7ca6ded66e21383d938df01c227",
        "type": "github"
      },
      "original": {
        "owner": "numtide",
        "repo": "treefmt-nix",
        "type": "github"
      }
    },
    "unicodeescape": {
      "inputs": {
        "fenix": [
          "fenix"
        ],
        "flake-compat": [],
        "flake-parts": [
          "flake-parts"
        ],
        "git-hooks": [],
        "nixpkgs": [
          "nixpkgs"
        ],
        "systems": "systems_9",
        "treefmt-nix": []
      },
      "locked": {
        "lastModified": 1780510640,
        "narHash": "sha256-7SyuyWszPJ5vgLhsI9VM2FWhdYkDx2DGtcra5lxScNc=",
        "owner": "ms0503",
        "repo": "unicodeescape",
        "rev": "5df1bce05767208036cd257395d5cecf07e1335d",
        "type": "github"
      },
      "original": {
        "owner": "ms0503",
        "repo": "unicodeescape",
        "type": "github"
      }
    },
    "urlencode": {
      "inputs": {
        "fenix": [
          "fenix"
        ],
        "flake-compat": [],
        "flake-parts": [
          "flake-parts"
        ],
        "git-hooks": [],
        "nixpkgs": [
          "nixpkgs"
        ],
        "systems": "systems_10",
        "treefmt-nix": []
      },
      "locked": {
        "lastModified": 1780510701,
        "narHash": "sha256-dDOHwj0JOtVhQSQVFegsQmk63WQ7mVDeWWjUJFHhYnE=",
        "owner": "ms0503",
        "repo": "urlencode",
        "rev": "37ba3ebc27821d22db6e2bfd0518d065689416f9",
        "type": "github"
      },
      "original": {
        "owner": "ms0503",
        "repo": "urlencode",
        "type": "github"
      }
    }
  },
  "root": "root",
  "version": 7
}
